
Microsoft Visual Studio Solution File, Format Version 12.00
# Visual Studio Version 16
VisualStudioVersion = 16.0.32901.82
MinimumVisualStudioVersion = 10.0.40219.1
Project("{9A19103F-16F7-4668-BE54-9A1E7A4F7556}") = "ClosuresExample_DynamicAdd", "ClosuresExample_DynamicAdd.csproj", "{C77EED25-818F-4329-A9BC-3072A430551E}"
EndProject
Global
	GlobalSection(SolutionConfigurationPlatforms) = preSolution
		Debug|Any CPU = Debug|Any CPU
		Release|Any CPU = Release|Any CPU
	EndGlobalSection
	GlobalSection(ProjectConfigurationPlatforms) = postSolution
		{C77EED25-818F-4329-A9BC-3072A430551E}.Debug|Any CPU.ActiveCfg = Debug|Any CPU
		{C77EED25-818F-4329-A9BC-3072A430551E}.Debug|Any CPU.Build.0 = Debug|Any CPU
		{C77EED25-818F-4329-A9BC-3072A430551E}.Release|Any CPU.ActiveCfg = Release|Any CPU
		{C77EED25-818F-4329-A9BC-3072A430551E}.Release|Any CPU.Build.0 = Release|Any CPU
	EndGlobalSection
	GlobalSection(SolutionProperties) = preSolution
		HideSolutionNode = FALSE
	EndGlobalSection
	GlobalSection(ExtensibilityGlobals) = postSolution
		SolutionGuid = {61338B0E-DF2F-4BDD-A182-E8A49CFA4C54}
	EndGlobalSection
EndGlobal
